
Microsoft Visual Studio Solution File, Format Version 12.00
# Visual Studio Version 17
VisualStudioVersion = 17.0.31903.59
MinimumVisualStudioVersion = 10.0.40219.1
Project("{FAE04EC0-301F-11D3-BF4B-00C04F79EFBC}") = "Core", "Core\Core.csproj", "{073DEAD6-DFB8-46B3-8167-8787B05E4FDD}"
EndProject
Project("{2150E333-8FDC-42A3-9474-1A3956D46DE8}") = "Book", "Book", "{D470A278-5733-FFB3-FC4E-3B7289EE11A4}"
EndProject
Project("{FAE04EC0-301F-11D3-BF4B-00C04F79EFBC}") = "backend", "Book\backend.csproj", "{6588C73B-3F30-4E22-8FC7-4D95256B25C8}"
EndProject
Project("{FAE04EC0-301F-11D3-BF4B-00C04F79EFBC}") = "Book.Tests", "Book.Tests\Book.Tests.csproj", "{304EF9AB-0F7A-4FD1-AAB7-2AF633D79C18}"
EndProject
Global
	GlobalSection(SolutionConfigurationPlatforms) = preSolution
		Debug|Any CPU = Debug|Any CPU
		Debug|x64 = Debug|x64
		Debug|x86 = Debug|x86
		Release|Any CPU = Release|Any CPU
		Release|x64 = Release|x64
		Release|x86 = Release|x86
	EndGlobalSection
	GlobalSection(ProjectConfigurationPlatforms) = postSolution
		{073DEAD6-DFB8-46B3-8167-8787B05E4FDD}.Debug|Any CPU.ActiveCfg = Debug|Any CPU
		{073DEAD6-DFB8-46B3-8167-8787B05E4FDD}.Debug|Any CPU.Build.0 = Debug|Any CPU
		{073DEAD6-DFB8-46B3-8167-8787B05E4FDD}.Debug|x64.ActiveCfg = Debug|Any CPU
		{073DEAD6-DFB8-46B3-8167-8787B05E4FDD}.Debug|x64.Build.0 = Debug|Any CPU
		{073DEAD6-DFB8-46B3-8167-8787B05E4FDD}.Debug|x86.ActiveCfg = Debug|Any CPU
		{073DEAD6-DFB8-46B3-8167-8787B05E4FDD}.Debug|x86.Build.0 = Debug|Any CPU
		{073DEAD6-DFB8-46B3-8167-8787B05E4FDD}.Release|Any CPU.ActiveCfg = Release|Any CPU
		{073DEAD6-DFB8-46B3-8167-8787B05E4FDD}.Release|Any CPU.Build.0 = Release|Any CPU
		{073DEAD6-DFB8-46B3-8167-8787B05E4FDD}.Release|x64.ActiveCfg = Release|Any CPU
		{073DEAD6-DFB8-46B3-8167-8787B05E4FDD}.Release|x64.Build.0 = Release|Any CPU
		{073DEAD6-DFB8-46B3-8167-8787B05E4FDD}.Release|x86.ActiveCfg = Release|Any CPU
		{073DEAD6-DFB8-46B3-8167-8787B05E4FDD}.Release|x86.Build.0 = Release|Any CPU
		{6588C73B-3F30-4E22-8FC7-4D95256B25C8}.Debug|Any CPU.ActiveCfg = Debug|Any CPU
		{6588C73B-3F30-4E22-8FC7-4D95256B25C8}.Debug|Any CPU.Build.0 = Debug|Any CPU
		{6588C73B-3F30-4E22-8FC7-4D95256B25C8}.Debug|x64.ActiveCfg = Debug|Any CPU
		{6588C73B-3F30-4E22-8FC7-4D95256B25C8}.Debug|x64.Build.0 = Debug|Any CPU
		{6588C73B-3F30-4E22-8FC7-4D95256B25C8}.Debug|x86.ActiveCfg = Debug|Any CPU
		{6588C73B-3F30-4E22-8FC7-4D95256B25C8}.Debug|x86.Build.0 = Debug|Any CPU
		{6588C73B-3F30-4E22-8FC7-4D95256B25C8}.Release|Any CPU.ActiveCfg = Release|Any CPU
		{6588C73B-3F30-4E22-8FC7-4D95256B25C8}.Release|Any CPU.Build.0 = Release|Any CPU
		{6588C73B-3F30-4E22-8FC7-4D95256B25C8}.Release|x64.ActiveCfg = Release|Any CPU
		{6588C73B-3F30-4E22-8FC7-4D95256B25C8}.Release|x64.Build.0 = Release|Any CPU
		{6588C73B-3F30-4E22-8FC7-4D95256B25C8}.Release|x86.ActiveCfg = Release|Any CPU
		{6588C73B-3F30-4E22-8FC7-4D95256B25C8}.Release|x86.Build.0 = Release|Any CPU
		{304EF9AB-0F7A-4FD1-AAB7-2AF633D79C18}.Debug|Any CPU.ActiveCfg = Debug|Any CPU
		{304EF9AB-0F7A-4FD1-AAB7-2AF633D79C18}.Debug|Any CPU.Build.0 = Debug|Any CPU
		{304EF9AB-0F7A-4FD1-AAB7-2AF633D79C18}.Debug|x64.ActiveCfg = Debug|Any CPU
		{304EF9AB-0F7A-4FD1-AAB7-2AF633D79C18}.Debug|x64.Build.0 = Debug|Any CPU
		{304EF9AB-0F7A-4FD1-AAB7-2AF633D79C18}.Debug|x86.ActiveCfg = Debug|Any CPU
		{304EF9AB-0F7A-4FD1-AAB7-2AF633D79C18}.Debug|x86.Build.0 = Debug|Any CPU
		{304EF9AB-0F7A-4FD1-AAB7-2AF633D79C18}.Release|Any CPU.ActiveCfg = Release|Any CPU
		{304EF9AB-0F7A-4FD1-AAB7-2AF633D79C18}.Release|Any CPU.Build.0 = Release|Any CPU
		{304EF9AB-0F7A-4FD1-AAB7-2AF633D79C18}.Release|x64.ActiveCfg = Release|Any CPU
		{304EF9AB-0F7A-4FD1-AAB7-2AF633D79C18}.Release|x64.Build.0 = Release|Any CPU
		{304EF9AB-0F7A-4FD1-AAB7-2AF633D79C18}.Release|x86.ActiveCfg = Release|Any CPU
		{304EF9AB-0F7A-4FD1-AAB7-2AF633D79C18}.Release|x86.Build.0 = Release|Any CPU
	EndGlobalSection
	GlobalSection(SolutionProperties) = preSolution
		HideSolutionNode = FALSE
	EndGlobalSection
	GlobalSection(NestedProjects) = preSolution
		{6588C73B-3F30-4E22-8FC7-4D95256B25C8} = {D470A278-5733-FFB3-FC4E-3B7289EE11A4}
	EndGlobalSection
EndGlobal
